
Microsoft Visual Studio Solution File, Format Version 12.00
# Visual Studio 15
VisualStudioVersion = 15.0.28307.329
MinimumVisualStudioVersion = 10.0.40219.1
Project("{FAE04EC0-301F-11D3-BF4B-00C04F79EFBC}") = "ArchiveProject", "ArchiveProject\ArchiveProject.csproj", "{67E67899-6C36-4A33-8670-E64470C60310}"
EndProject
Global
	GlobalSection(SolutionConfigurationPlatforms) = preSolution
		Debug|Any CPU = Debug|Any CPU
		Release|Any CPU = Release|Any CPU
	EndGlobalSection
	GlobalSection(ProjectConfigurationPlatforms) = postSolution
		{67E67899-6C36-4A33-8670-E64470C60310}.Debug|Any CPU.ActiveCfg = Debug|Any CPU
		{67E67899-6C36-4A33-8670-E64470C60310}.Debug|Any CPU.Build.0 = Debug|Any CPU
		{67E67899-6C36-4A33-8670-E64470C60310}.Release|Any CPU.ActiveCfg = Release|Any CPU
		{67E67899-6C36-4A33-8670-E64470C60310}.Release|Any CPU.Build.0 = Release|Any CPU
	EndGlobalSection
	GlobalSection(SolutionProperties) = preSolution
		HideSolutionNode = FALSE
	EndGlobalSection
	GlobalSection(ExtensibilityGlobals) = postSolution
		SolutionGuid = {11B38714-F4ED-4153-BE44-03E9D008CE19}
	EndGlobalSection
EndGlobal
